
Microsoft Visual Studio Solution File, Format Version 12.00
# Visual Studio 15
VisualStudioVersion = 15.0.27428.2002
MinimumVisualStudioVersion = 10.0.40219.1
Project("{FAE04EC0-301F-11D3-BF4B-00C04F79EFBC}") = "website_downloader", "website_downloader\website_downloader.csproj", "{8B31E909-42D4-433C-8E03-5D3F609A6539}"
EndProject
Global
	GlobalSection(SolutionConfigurationPlatforms) = preSolution
		Debug|Any CPU = Debug|Any CPU
		Release|Any CPU = Release|Any CPU
	EndGlobalSection
	GlobalSection(ProjectConfigurationPlatforms) = postSolution
		{8B31E909-42D4-433C-8E03-5D3F609A6539}.Debug|Any CPU.ActiveCfg = Debug|Any CPU
		{8B31E909-42D4-433C-8E03-5D3F609A6539}.Debug|Any CPU.Build.0 = Debug|Any CPU
		{8B31E909-42D4-433C-8E03-5D3F609A6539}.Release|Any CPU.ActiveCfg = Release|Any CPU
		{8B31E909-42D4-433C-8E03-5D3F609A6539}.Release|Any CPU.Build.0 = Release|Any CPU
	EndGlobalSection
	GlobalSection(SolutionProperties) = preSolution
		HideSolutionNode = FALSE
	EndGlobalSection
	GlobalSection(ExtensibilityGlobals) = postSolution
		SolutionGuid = {45CAA4A5-3480-436F-B663-D1B1B63F3DF7}
	EndGlobalSection
EndGlobal
